lockfileVersion: '9.0'

settings:
  autoInstallPeers: true
  excludeLinksFromLockfile: false

importers:

  .:
    dependencies:
      preact:
        specifier: ^10.27.1
        version: 10.27.1
    devDependencies:
      '@rsbuild/core':
        specifier: ^1.5.0-rc.0
        version: 1.5.0-rc.0
      '@rsbuild/plugin-preact':
        specifier: ^1.5.2
        version: 1.5.2(@rsbuild/core@1.5.0-rc.0)(preact@10.27.1)
      typescript:
        specifier: ^5.9.2
        version: 5.9.2

packages:

  '@emnapi/core@1.4.5':
    resolution: {integrity: sha512-XsLw1dEOpkSX/WucdqUhPWP7hDxSvZiY+fsUC14h+FtQ2Ifni4znbBt8punRX+Uj2JG/uDb8nEHVKvrVlvdZ5Q==}

  '@emnapi/runtime@1.4.5':
    resolution: {integrity: sha512-++LApOtY0pEEz1zrd9vy1/zXVaVJJ/EbAF3u0fXIzPJEDtnITsBGbbK0EkM72amhl/R5b+5xx0Y/QhcVOpuulg==}

  '@emnapi/wasi-threads@1.0.4':
    resolution: {integrity: sha512-PJR+bOmMOPH8AtcTGAyYNiuJ3/Fcoj2XN/gBEWzDIKh254XO+mM9XoXHk5GNEhodxeMznbg7BlRojVbKN+gC6g==}

  '@module-federation/error-codes@0.18.0':
    resolution: {integrity: sha512-Woonm8ehyVIUPXChmbu80Zj6uJkC0dD9SJUZ/wOPtO8iiz/m+dkrOugAuKgoiR6qH4F+yorWila954tBz4uKsQ==}

  '@module-federation/runtime-core@0.18.0':
    resolution: {integrity: sha512-ZyYhrDyVAhUzriOsVfgL6vwd+5ebYm595Y13KeMf6TKDRoUHBMTLGQ8WM4TDj8JNsy7LigncK8C03fn97of0QQ==}

  '@module-federation/runtime-tools@0.18.0':
    resolution: {integrity: sha512-fSga9o4t1UfXNV/Kh6qFvRyZpPp3EHSPRISNeyT8ZoTpzDNiYzhtw0BPUSSD8m6C6XQh2s/11rI4g80UY+d+hA==}

  '@module-federation/runtime@0.18.0':
    resolution: {integrity: sha512-+C4YtoSztM7nHwNyZl6dQKGUVJdsPrUdaf3HIKReg/GQbrt9uvOlUWo2NXMZ8vDAnf/QRrpSYAwXHmWDn9Obaw==}

  '@module-federation/sdk@0.18.0':
    resolution: {integrity: sha512-Lo/Feq73tO2unjmpRfyyoUkTVoejhItXOk/h5C+4cistnHbTV8XHrW/13fD5e1Iu60heVdAhhelJd6F898Ve9A==}

  '@module-federation/webpack-bundler-runtime@0.18.0':
    resolution: {integrity: sha512-TEvErbF+YQ+6IFimhUYKK3a5wapD90d90sLsNpcu2kB3QGT7t4nIluE25duXuZDVUKLz86tEPrza/oaaCWTpvQ==}

  '@napi-rs/wasm-runtime@1.0.3':
    resolution: {integrity: sha512-rZxtMsLwjdXkMUGC3WwsPwLNVqVqnTJT6MNIB6e+5fhMcSCPP0AOsNWuMQ5mdCq6HNjs/ZeWAEchpqeprqBD2Q==}

  '@prefresh/core@1.5.5':
    resolution: {integrity: sha512-H6GTXUl4V4fe3ijz7yhSa/mZ+pGSOh7XaJb6uP/sQsagBx9yl0D1HKDaeoMQA8Ad2Xm27LqvbitMGSdY9UFSKQ==}
    peerDependencies:
      preact: ^10.0.0

  '@prefresh/utils@1.2.1':
    resolution: {integrity: sha512-vq/sIuN5nYfYzvyayXI4C2QkprfNaHUQ9ZX+3xLD8nL3rWyzpxOm1+K7RtMbhd+66QcaISViK7amjnheQ/4WZw==}

  '@rsbuild/core@1.5.0-rc.0':
    resolution: {integrity: sha512-F1MDlAggmOItdia/6ArQ8kHH9OFPEiH6Bb76G2WUeTdXZyz856RuXox2YUQ6HiQ8osBz4lmhY30wU6xV0IA6tA==}
    engines: {node: '>=18.12.0'}
    hasBin: true

  '@rsbuild/plugin-preact@1.5.2':
    resolution: {integrity: sha512-cYApFIA8tgPchIWaCyVaQgyQs6p4iSuTOBWQeJBDJscGsNSvvW1RGEsdG8T50FFWkTJ/sKhSda5VBiYy23C2qw==}
    peerDependencies:
      '@rsbuild/core': 1.x

  '@rspack/binding-darwin-arm64@1.5.0-beta.1':
    resolution: {integrity: sha512-aXSbz9Bo480xNDK6v64SZ19I/bmMuxaOuex6V9q0S+v3qx/ZsUWL+5aUd71scq7EfAb3KkvQFsYACpt5PMZ9DQ==}
    cpu: [arm64]
    os: [darwin]

  '@rspack/binding-darwin-x64@1.5.0-beta.1':
    resolution: {integrity: sha512-addeCT0bXtfOfvJZdVuHWBl20Cd8RmweOX03OiEH4AmQc9EgUEP/oCGpOmakBXxUCl3x/RnlrXx2nD1uDyuyLA==}
    cpu: [x64]
    os: [darwin]

  '@rspack/binding-linux-arm64-gnu@1.5.0-beta.1':
    resolution: {integrity: sha512-fYgOfSsA0J0rUA40ZEexrMRKyIVAUo4m0KShTm6yVaAzQHWVZ0xjjcoLFNxCVE7EvAPI7wl9fDOyr7Y8EylVfQ==}
    cpu: [arm64]
    os: [linux]
    libc: [glibc]

  '@rspack/binding-linux-arm64-musl@1.5.0-beta.1':
    resolution: {integrity: sha512-wWlOzsoJU2HJyPxoCDScW4zt3+5WO6NI8B7jSmhVA9dfmvCYUKktt/YZpskcgMsvCgtzXTE62wDc+VTQ5ucp9A==}
    cpu: [arm64]
    os: [linux]
    libc: [musl]

  '@rspack/binding-linux-x64-gnu@1.5.0-beta.1':
    resolution: {integrity: sha512-OlgQIQLDLDDXvbUYBEfZmofO3uTDi0rGfIr58PXz/wTF87KdwqlU0HyjIeaeDUaQlV+lNXNysuCwvI0hl/o2tw==}
    cpu: [x64]
    os: [linux]
    libc: [glibc]

  '@rspack/binding-linux-x64-musl@1.5.0-beta.1':
    resolution: {integrity: sha512-LkQSyfyf5Jy0UGD0tvm2Gz+0VjboawtRrYd+qYHE0Pm4h7tTJWyqnh02LRTROxOl3GrssC1VGn6J8XYTxOAWug==}
    cpu: [x64]
    os: [linux]
    libc: [musl]

  '@rspack/binding-wasm32-wasi@1.5.0-beta.1':
    resolution: {integrity: sha512-ysnuVnqC9byoYfoAi/TsV0U5ZUxU0snnVPa/SvQEO6ew3J2GaNDq1vS1zWo0SOA4eLmwkop0/UcH8n3VXOy7NA==}
    cpu: [wasm32]

  '@rspack/binding-win32-arm64-msvc@1.5.0-beta.1':
    resolution: {integrity: sha512-vcMXybMchQomBODyi6aIMCur8/oQktw+iVv0dH3hiiWy0v2g8xS9VLMjWXfGZAhonhRe7YWTP12dxCPbWmQyZw==}
    cpu: [arm64]
    os: [win32]

  '@rspack/binding-win32-ia32-msvc@1.5.0-beta.1':
    resolution: {integrity: sha512-fCj904xjc5iKOdUS0VLUE/LbAQZWlub/TF0ZKhzq2UK8WWwrfhA5U8ZHximU0A0LVDoMVZCM5M12rO12P0uHKw==}
    cpu: [ia32]
    os: [win32]

  '@rspack/binding-win32-x64-msvc@1.5.0-beta.1':
    resolution: {integrity: sha512-iWCoFMwP2aUea1mIp2+mTE7IKj6wp9hxMuZgOcEGWQidE7pUss5/Zp3wrOSWnnyovIeQLmK9wsQEA/W3i3MiAQ==}
    cpu: [x64]
    os: [win32]

  '@rspack/binding@1.5.0-beta.1':
    resolution: {integrity: sha512-qZ+cxvsNvXBOPX0NEP+KfxQlJI7TDZR2XLS8Jl+zHl2kgulEOBWsBa7Q1Dcw73YQgz2owxP3OWl3f8LWXnnC1Q==}

  '@rspack/core@1.5.0-beta.1':
    resolution: {integrity: sha512-o3yQreNKldm0k96wPMpXBI9p0B03LpeK3XyV4vhk24RfLIa2p6C2LPF4xn6U2M28CFQkSbeu1vwlMHnfW4xHNg==}
    engines: {node: '>=18.12.0'}
    peerDependencies:
      '@swc/helpers': '>=0.5.1'
    peerDependenciesMeta:
      '@swc/helpers':
        optional: true

  '@rspack/lite-tapable@1.0.1':
    resolution: {integrity: sha512-VynGOEsVw2s8TAlLf/uESfrgfrq2+rcXB1muPJYBWbsm1Oa6r5qVQhjA5ggM6z/coYPrsVMgovl3Ff7Q7OCp1w==}
    engines: {node: '>=16.0.0'}

  '@rspack/plugin-preact-refresh@1.1.2':
    resolution: {integrity: sha512-smTjBS8d0ItLiCt96VvlEHvtYt5rEc5vvB1SxUiv4CdUusb90GXe9+nXyr7EMO+wU3A+kocrGLGnRKLHsgGHUg==}
    peerDependencies:
      '@prefresh/core': ^1.5.0
      '@prefresh/utils': ^1.2.0

  '@swc/counter@0.1.3':
    resolution: {integrity: sha512-e2BR4lsJkkRlKZ/qCHPw9ZaSxc0MVUd7gtbtaB7aMvHeJVYe8sOB8DBZkP2DtISHGSku9sCK6T6cnY0CtXrOCQ==}

  '@swc/helpers@0.5.17':
    resolution: {integrity: sha512-5IKx/Y13RsYd+sauPb2x+U/xZikHjolzfuDgTAl/Tdf3Q8rslRvC19NKDLgAJQ6wsqADk10ntlv08nPFw/gO/A==}

  '@swc/plugin-prefresh@9.0.2':
    resolution: {integrity: sha512-E3SHiAOMHSJxnxXNVllpXOMzeQXLcdejyzIbJj7Z4u1Aua+ZIDOTBP3e4HgyZNzrUaCX+zU8Gk1aJepA8A76yg==}

  '@tybys/wasm-util@0.10.0':
    resolution: {integrity: sha512-VyyPYFlOMNylG45GoAe0xDoLwWuowvf92F9kySqzYh8vmYm7D2u4iUJKa1tOUpS70Ku13ASrOkS4ScXFsTaCNQ==}

  core-js@3.45.0:
    resolution: {integrity: sha512-c2KZL9lP4DjkN3hk/an4pWn5b5ZefhRJnAc42n6LJ19kSnbeRbdQZE5dSeE2LBol1OwJD3X1BQvFTAsa8ReeDA==}

  jiti@2.5.1:
    resolution: {integrity: sha512-twQoecYPiVA5K/h6SxtORw/Bs3ar+mLUtoPSc7iMXzQzK8d7eJ/R09wmTwAjiamETn1cXYPGfNnu7DMoHgu12w==}
    hasBin: true

  preact@10.27.1:
    resolution: {integrity: sha512-V79raXEWch/rbqoNc7nT9E4ep7lu+mI3+sBmfRD4i1M73R3WLYcCtdI0ibxGVf4eQL8ZIz2nFacqEC+rmnOORQ==}

  tslib@2.8.1:
    resolution: {integrity: sha512-oJFu94HQb+KVduSUQL7wnpmqnfmLsOA/nAh6b6EH0wCEoK0/mPeXU6c3wKDV83MkOuHPRHtSXKKU99IBazS/2w==}

  typescript@5.9.2:
    resolution: {integrity: sha512-CWBzXQrc/qOkhidw1OzBTQuYRbfyxDXJMVJ1XNwUHGROVmuaeiEm3OslpZ1RV96d7SKKjZKrSJu3+t/xlw3R9A==}
    engines: {node: '>=14.17'}
    hasBin: true

snapshots:

  '@emnapi/core@1.4.5':
    dependencies:
      '@emnapi/wasi-threads': 1.0.4
      tslib: 2.8.1
    optional: true

  '@emnapi/runtime@1.4.5':
    dependencies:
      tslib: 2.8.1
    optional: true

  '@emnapi/wasi-threads@1.0.4':
    dependencies:
      tslib: 2.8.1
    optional: true

  '@module-federation/error-codes@0.18.0': {}

  '@module-federation/runtime-core@0.18.0':
    dependencies:
      '@module-federation/error-codes': 0.18.0
      '@module-federation/sdk': 0.18.0

  '@module-federation/runtime-tools@0.18.0':
    dependencies:
      '@module-federation/runtime': 0.18.0
      '@module-federation/webpack-bundler-runtime': 0.18.0

  '@module-federation/runtime@0.18.0':
    dependencies:
      '@module-federation/error-codes': 0.18.0
      '@module-federation/runtime-core': 0.18.0
      '@module-federation/sdk': 0.18.0

  '@module-federation/sdk@0.18.0': {}

  '@module-federation/webpack-bundler-runtime@0.18.0':
    dependencies:
      '@module-federation/runtime': 0.18.0
      '@module-federation/sdk': 0.18.0

  '@napi-rs/wasm-runtime@1.0.3':
    dependencies:
      '@emnapi/core': 1.4.5
      '@emnapi/runtime': 1.4.5
      '@tybys/wasm-util': 0.10.0
    optional: true

  '@prefresh/core@1.5.5(preact@10.27.1)':
    dependencies:
      preact: 10.27.1

  '@prefresh/utils@1.2.1': {}

  '@rsbuild/core@1.5.0-rc.0':
    dependencies:
      '@rspack/core': 1.5.0-beta.1(@swc/helpers@0.5.17)
      '@rspack/lite-tapable': 1.0.1
      '@swc/helpers': 0.5.17
      core-js: 3.45.0
      jiti: 2.5.1

  '@rsbuild/plugin-preact@1.5.2(@rsbuild/core@1.5.0-rc.0)(preact@10.27.1)':
    dependencies:
      '@prefresh/core': 1.5.5(preact@10.27.1)
      '@prefresh/utils': 1.2.1
      '@rsbuild/core': 1.5.0-rc.0
      '@rspack/plugin-preact-refresh': 1.1.2(@prefresh/core@1.5.5(preact@10.27.1))(@prefresh/utils@1.2.1)
      '@swc/plugin-prefresh': 9.0.2
    transitivePeerDependencies:
      - preact

  '@rspack/binding-darwin-arm64@1.5.0-beta.1':
    optional: true

  '@rspack/binding-darwin-x64@1.5.0-beta.1':
    optional: true

  '@rspack/binding-linux-arm64-gnu@1.5.0-beta.1':
    optional: true

  '@rspack/binding-linux-arm64-musl@1.5.0-beta.1':
    optional: true

  '@rspack/binding-linux-x64-gnu@1.5.0-beta.1':
    optional: true

  '@rspack/binding-linux-x64-musl@1.5.0-beta.1':
    optional: true

  '@rspack/binding-wasm32-wasi@1.5.0-beta.1':
    dependencies:
      '@napi-rs/wasm-runtime': 1.0.3
    optional: true

  '@rspack/binding-win32-arm64-msvc@1.5.0-beta.1':
    optional: true

  '@rspack/binding-win32-ia32-msvc@1.5.0-beta.1':
    optional: true

  '@rspack/binding-win32-x64-msvc@1.5.0-beta.1':
    optional: true

  '@rspack/binding@1.5.0-beta.1':
    optionalDependencies:
      '@rspack/binding-darwin-arm64': 1.5.0-beta.1
      '@rspack/binding-darwin-x64': 1.5.0-beta.1
      '@rspack/binding-linux-arm64-gnu': 1.5.0-beta.1
      '@rspack/binding-linux-arm64-musl': 1.5.0-beta.1
      '@rspack/binding-linux-x64-gnu': 1.5.0-beta.1
      '@rspack/binding-linux-x64-musl': 1.5.0-beta.1
      '@rspack/binding-wasm32-wasi': 1.5.0-beta.1
      '@rspack/binding-win32-arm64-msvc': 1.5.0-beta.1
      '@rspack/binding-win32-ia32-msvc': 1.5.0-beta.1
      '@rspack/binding-win32-x64-msvc': 1.5.0-beta.1

  '@rspack/core@1.5.0-beta.1(@swc/helpers@0.5.17)':
    dependencies:
      '@module-federation/runtime-tools': 0.18.0
      '@rspack/binding': 1.5.0-beta.1
      '@rspack/lite-tapable': 1.0.1
    optionalDependencies:
      '@swc/helpers': 0.5.17

  '@rspack/lite-tapable@1.0.1': {}

  '@rspack/plugin-preact-refresh@1.1.2(@prefresh/core@1.5.5(preact@10.27.1))(@prefresh/utils@1.2.1)':
    dependencies:
      '@prefresh/core': 1.5.5(preact@10.27.1)
      '@prefresh/utils': 1.2.1

  '@swc/counter@0.1.3': {}

  '@swc/helpers@0.5.17':
    dependencies:
      tslib: 2.8.1

  '@swc/plugin-prefresh@9.0.2':
    dependencies:
      '@swc/counter': 0.1.3

  '@tybys/wasm-util@0.10.0':
    dependencies:
      tslib: 2.8.1
    optional: true

  core-js@3.45.0: {}

  jiti@2.5.1: {}

  preact@10.27.1: {}

  tslib@2.8.1: {}

  typescript@5.9.2: {}
