lockfileVersion: '9.0'

settings:
  autoInstallPeers: true
  excludeLinksFromLockfile: false

importers:

  .:
    dependencies:
      preact:
        specifier: ^10.27.0
        version: 10.27.0
    devDependencies:
      '@rsbuild/core':
        specifier: ^1.4.15
        version: 1.4.15
      '@rsbuild/plugin-preact':
        specifier: ^1.5.2
        version: 1.5.2(@rsbuild/core@1.4.15)(preact@10.27.0)
      typescript:
        specifier: ^5.9.2
        version: 5.9.2

packages:

  '@emnapi/core@1.4.5':
    resolution: {integrity: sha512-XsLw1dEOpkSX/WucdqUhPWP7hDxSvZiY+fsUC14h+FtQ2Ifni4znbBt8punRX+Uj2JG/uDb8nEHVKvrVlvdZ5Q==}

  '@emnapi/runtime@1.4.5':
    resolution: {integrity: sha512-++LApOtY0pEEz1zrd9vy1/zXVaVJJ/EbAF3u0fXIzPJEDtnITsBGbbK0EkM72amhl/R5b+5xx0Y/QhcVOpuulg==}

  '@emnapi/wasi-threads@1.0.4':
    resolution: {integrity: sha512-PJR+bOmMOPH8AtcTGAyYNiuJ3/Fcoj2XN/gBEWzDIKh254XO+mM9XoXHk5GNEhodxeMznbg7BlRojVbKN+gC6g==}

  '@module-federation/error-codes@0.17.1':
    resolution: {integrity: sha512-n6Elm4qKSjwAPxLUGtwnl7qt4y1dxB8OpSgVvXBIzqI9p27a3ZXshLPLnumlpPg1Qudaj8sLnSnFtt9yGpt5yQ==}

  '@module-federation/runtime-core@0.17.1':
    resolution: {integrity: sha512-LCtIFuKgWPQ3E+13OyrVpuTPOWBMI/Ggwsq1Q874YeT8Px28b8tJRCj09DjyRFyhpSPyV/uG80T6iXPAUoLIfQ==}

  '@module-federation/runtime-tools@0.17.1':
    resolution: {integrity: sha512-4kr6zTFFwGywJx6whBtxsc84V+COAuuBpEdEbPZN//YLXhNB0iz2IGsy9r9wDl+06h84bD+3dQ05l9euRLgXzQ==}

  '@module-federation/runtime@0.17.1':
    resolution: {integrity: sha512-vKEN32MvUbpeuB/s6UXfkHDZ9N5jFyDDJnj83UTJ8n4N1jHIJu9VZ6Yi4/Ac8cfdvU8UIK9bIbfVXWbUYZUDsw==}

  '@module-federation/sdk@0.17.1':
    resolution: {integrity: sha512-nlUcN6UTEi+3HWF+k8wPy7gH0yUOmCT+xNatihkIVR9REAnr7BUvHFGlPJmx7WEbLPL46+zJUbtQHvLzXwFhng==}

  '@module-federation/webpack-bundler-runtime@0.17.1':
    resolution: {integrity: sha512-Swspdgf4PzcbvS9SNKFlBzfq8h/Qxwqjq/xRSqw1pqAZWondZQzwTTqPXhgrg0bFlz7qWjBS/6a8KuH/gRvGaQ==}

  '@napi-rs/wasm-runtime@1.0.3':
    resolution: {integrity: sha512-rZxtMsLwjdXkMUGC3WwsPwLNVqVqnTJT6MNIB6e+5fhMcSCPP0AOsNWuMQ5mdCq6HNjs/ZeWAEchpqeprqBD2Q==}

  '@prefresh/core@1.5.5':
    resolution: {integrity: sha512-H6GTXUl4V4fe3ijz7yhSa/mZ+pGSOh7XaJb6uP/sQsagBx9yl0D1HKDaeoMQA8Ad2Xm27LqvbitMGSdY9UFSKQ==}
    peerDependencies:
      preact: ^10.0.0

  '@prefresh/utils@1.2.1':
    resolution: {integrity: sha512-vq/sIuN5nYfYzvyayXI4C2QkprfNaHUQ9ZX+3xLD8nL3rWyzpxOm1+K7RtMbhd+66QcaISViK7amjnheQ/4WZw==}

  '@rsbuild/core@1.4.15':
    resolution: {integrity: sha512-KoSTtKjzQUQwamcbeCp63Ne9kL7io1WI4+skTJe2chfLz6wsp/Gfg8aKkfs1DuyG1p+zxFDcYpwTWMsNtxqqiw==}
    engines: {node: '>=16.10.0'}
    hasBin: true

  '@rsbuild/plugin-preact@1.5.2':
    resolution: {integrity: sha512-cYApFIA8tgPchIWaCyVaQgyQs6p4iSuTOBWQeJBDJscGsNSvvW1RGEsdG8T50FFWkTJ/sKhSda5VBiYy23C2qw==}
    peerDependencies:
      '@rsbuild/core': 1.x

  '@rspack/binding-darwin-arm64@1.4.11':
    resolution: {integrity: sha512-PrmBVhR8MC269jo6uQ+BMy1uwIDx0HAJYLQRQur8gXiehWabUBCRg/d4U9KR7rLzdaSScRyc5JWXR52T7/4MfA==}
    cpu: [arm64]
    os: [darwin]

  '@rspack/binding-darwin-x64@1.4.11':
    resolution: {integrity: sha512-YIV8Wzy+JY0SoSsVtN4wxFXOjzxxVPnVXNswrrfqVUTPr9jqGOFYUWCGpbt8lcCgfuBFm6zN8HpOsKm1xUNsVA==}
    cpu: [x64]
    os: [darwin]

  '@rspack/binding-linux-arm64-gnu@1.4.11':
    resolution: {integrity: sha512-ms6uwECUIcu+6e82C5HJhRMHnfsI+l33v7XQezntzRPN0+sG3EpikEoT7SGbgt4vDwaWLR7wS20suN4qd5r3GA==}
    cpu: [arm64]
    os: [linux]
    libc: [glibc]

  '@rspack/binding-linux-arm64-musl@1.4.11':
    resolution: {integrity: sha512-9evq0DOdxMN/H8VM8ZmyY9NSuBgILNVV6ydBfVPMHPx4r1E7JZGpWeKDegZcS5Erw3sS9kVSIxyX78L5PDzzKw==}
    cpu: [arm64]
    os: [linux]
    libc: [musl]

  '@rspack/binding-linux-x64-gnu@1.4.11':
    resolution: {integrity: sha512-bHYFLxPPYBOSaHdQbEoCYGMQ1gOrEWj7Mro/DLfSHZi1a0okcQ2Q1y0i1DczReim3ZhLGNrK7k1IpFXCRbAobQ==}
    cpu: [x64]
    os: [linux]
    libc: [glibc]

  '@rspack/binding-linux-x64-musl@1.4.11':
    resolution: {integrity: sha512-wrm4E7q2k4+cwT6Uhp6hIQ3eUe/YoaUttj6j5TqHYZX6YeLrNPtD9+ne6lQQ17BV8wmm6NZsmoFIJ5xIptpRhQ==}
    cpu: [x64]
    os: [linux]
    libc: [musl]

  '@rspack/binding-wasm32-wasi@1.4.11':
    resolution: {integrity: sha512-hiYxHZjaZ17wQtXyLCK0IdtOvMWreGVTiGsaHCxyeT+SldDG+r16bXNjmlqfZsjlfl1mkAqKz1dg+mMX28OTqw==}
    cpu: [wasm32]

  '@rspack/binding-win32-arm64-msvc@1.4.11':
    resolution: {integrity: sha512-+HF/mnjmTr8PC1dccRt1bkrD2tPDGeqvXC1BBLYd/Klq1VbtIcnrhfmvQM6KaXbiLcY9VWKzcZPOTmnyZ8TaHQ==}
    cpu: [arm64]
    os: [win32]

  '@rspack/binding-win32-ia32-msvc@1.4.11':
    resolution: {integrity: sha512-EU2fQGwrRfwFd/tcOInlD0jy6gNQE4Q3Ayj0Is+cX77sbhPPyyOz0kZDEaQ4qaN2VU8w4Hu/rrD7c0GAKLFvCw==}
    cpu: [ia32]
    os: [win32]

  '@rspack/binding-win32-x64-msvc@1.4.11':
    resolution: {integrity: sha512-1Nc5ZzWqfvE+iJc47qtHFzYYnHsC3awavXrCo74GdGip1vxtksM3G30BlvAQHHVtEmULotWqPbjZpflw/Xk9Ag==}
    cpu: [x64]
    os: [win32]

  '@rspack/binding@1.4.11':
    resolution: {integrity: sha512-maGl/zRwnl0QVwkBCkgjn5PH20L9HdlRIdkYhEsfTepy5x2QZ0ti/0T49djjTJQrqb+S1i6wWQymMMMMMsxx6Q==}

  '@rspack/core@1.4.11':
    resolution: {integrity: sha512-JtKnL6p7Kc/YgWQJF3Woo4OccbgKGyT/4187W4dyex8BMkdQcbqCNIdi6dFk02hwQzxpOOxRSBI4hlGRbz7oYQ==}
    engines: {node: '>=16.0.0'}
    peerDependencies:
      '@swc/helpers': '>=0.5.1'
    peerDependenciesMeta:
      '@swc/helpers':
        optional: true

  '@rspack/lite-tapable@1.0.1':
    resolution: {integrity: sha512-VynGOEsVw2s8TAlLf/uESfrgfrq2+rcXB1muPJYBWbsm1Oa6r5qVQhjA5ggM6z/coYPrsVMgovl3Ff7Q7OCp1w==}
    engines: {node: '>=16.0.0'}

  '@rspack/plugin-preact-refresh@1.1.2':
    resolution: {integrity: sha512-smTjBS8d0ItLiCt96VvlEHvtYt5rEc5vvB1SxUiv4CdUusb90GXe9+nXyr7EMO+wU3A+kocrGLGnRKLHsgGHUg==}
    peerDependencies:
      '@prefresh/core': ^1.5.0
      '@prefresh/utils': ^1.2.0

  '@swc/counter@0.1.3':
    resolution: {integrity: sha512-e2BR4lsJkkRlKZ/qCHPw9ZaSxc0MVUd7gtbtaB7aMvHeJVYe8sOB8DBZkP2DtISHGSku9sCK6T6cnY0CtXrOCQ==}

  '@swc/helpers@0.5.17':
    resolution: {integrity: sha512-5IKx/Y13RsYd+sauPb2x+U/xZikHjolzfuDgTAl/Tdf3Q8rslRvC19NKDLgAJQ6wsqADk10ntlv08nPFw/gO/A==}

  '@swc/plugin-prefresh@9.0.2':
    resolution: {integrity: sha512-E3SHiAOMHSJxnxXNVllpXOMzeQXLcdejyzIbJj7Z4u1Aua+ZIDOTBP3e4HgyZNzrUaCX+zU8Gk1aJepA8A76yg==}

  '@tybys/wasm-util@0.10.0':
    resolution: {integrity: sha512-VyyPYFlOMNylG45GoAe0xDoLwWuowvf92F9kySqzYh8vmYm7D2u4iUJKa1tOUpS70Ku13ASrOkS4ScXFsTaCNQ==}

  core-js@3.45.0:
    resolution: {integrity: sha512-c2KZL9lP4DjkN3hk/an4pWn5b5ZefhRJnAc42n6LJ19kSnbeRbdQZE5dSeE2LBol1OwJD3X1BQvFTAsa8ReeDA==}

  jiti@2.5.1:
    resolution: {integrity: sha512-twQoecYPiVA5K/h6SxtORw/Bs3ar+mLUtoPSc7iMXzQzK8d7eJ/R09wmTwAjiamETn1cXYPGfNnu7DMoHgu12w==}
    hasBin: true

  preact@10.27.0:
    resolution: {integrity: sha512-/DTYoB6mwwgPytiqQTh/7SFRL98ZdiD8Sk8zIUVOxtwq4oWcwrcd1uno9fE/zZmUaUrFNYzbH14CPebOz9tZQw==}

  tslib@2.8.1:
    resolution: {integrity: sha512-oJFu94HQb+KVduSUQL7wnpmqnfmLsOA/nAh6b6EH0wCEoK0/mPeXU6c3wKDV83MkOuHPRHtSXKKU99IBazS/2w==}

  typescript@5.9.2:
    resolution: {integrity: sha512-CWBzXQrc/qOkhidw1OzBTQuYRbfyxDXJMVJ1XNwUHGROVmuaeiEm3OslpZ1RV96d7SKKjZKrSJu3+t/xlw3R9A==}
    engines: {node: '>=14.17'}
    hasBin: true

snapshots:

  '@emnapi/core@1.4.5':
    dependencies:
      '@emnapi/wasi-threads': 1.0.4
      tslib: 2.8.1
    optional: true

  '@emnapi/runtime@1.4.5':
    dependencies:
      tslib: 2.8.1
    optional: true

  '@emnapi/wasi-threads@1.0.4':
    dependencies:
      tslib: 2.8.1
    optional: true

  '@module-federation/error-codes@0.17.1': {}

  '@module-federation/runtime-core@0.17.1':
    dependencies:
      '@module-federation/error-codes': 0.17.1
      '@module-federation/sdk': 0.17.1

  '@module-federation/runtime-tools@0.17.1':
    dependencies:
      '@module-federation/runtime': 0.17.1
      '@module-federation/webpack-bundler-runtime': 0.17.1

  '@module-federation/runtime@0.17.1':
    dependencies:
      '@module-federation/error-codes': 0.17.1
      '@module-federation/runtime-core': 0.17.1
      '@module-federation/sdk': 0.17.1

  '@module-federation/sdk@0.17.1': {}

  '@module-federation/webpack-bundler-runtime@0.17.1':
    dependencies:
      '@module-federation/runtime': 0.17.1
      '@module-federation/sdk': 0.17.1

  '@napi-rs/wasm-runtime@1.0.3':
    dependencies:
      '@emnapi/core': 1.4.5
      '@emnapi/runtime': 1.4.5
      '@tybys/wasm-util': 0.10.0
    optional: true

  '@prefresh/core@1.5.5(preact@10.27.0)':
    dependencies:
      preact: 10.27.0

  '@prefresh/utils@1.2.1': {}

  '@rsbuild/core@1.4.15':
    dependencies:
      '@rspack/core': 1.4.11(@swc/helpers@0.5.17)
      '@rspack/lite-tapable': 1.0.1
      '@swc/helpers': 0.5.17
      core-js: 3.45.0
      jiti: 2.5.1

  '@rsbuild/plugin-preact@1.5.2(@rsbuild/core@1.4.15)(preact@10.27.0)':
    dependencies:
      '@prefresh/core': 1.5.5(preact@10.27.0)
      '@prefresh/utils': 1.2.1
      '@rsbuild/core': 1.4.15
      '@rspack/plugin-preact-refresh': 1.1.2(@prefresh/core@1.5.5(preact@10.27.0))(@prefresh/utils@1.2.1)
      '@swc/plugin-prefresh': 9.0.2
    transitivePeerDependencies:
      - preact

  '@rspack/binding-darwin-arm64@1.4.11':
    optional: true

  '@rspack/binding-darwin-x64@1.4.11':
    optional: true

  '@rspack/binding-linux-arm64-gnu@1.4.11':
    optional: true

  '@rspack/binding-linux-arm64-musl@1.4.11':
    optional: true

  '@rspack/binding-linux-x64-gnu@1.4.11':
    optional: true

  '@rspack/binding-linux-x64-musl@1.4.11':
    optional: true

  '@rspack/binding-wasm32-wasi@1.4.11':
    dependencies:
      '@napi-rs/wasm-runtime': 1.0.3
    optional: true

  '@rspack/binding-win32-arm64-msvc@1.4.11':
    optional: true

  '@rspack/binding-win32-ia32-msvc@1.4.11':
    optional: true

  '@rspack/binding-win32-x64-msvc@1.4.11':
    optional: true

  '@rspack/binding@1.4.11':
    optionalDependencies:
      '@rspack/binding-darwin-arm64': 1.4.11
      '@rspack/binding-darwin-x64': 1.4.11
      '@rspack/binding-linux-arm64-gnu': 1.4.11
      '@rspack/binding-linux-arm64-musl': 1.4.11
      '@rspack/binding-linux-x64-gnu': 1.4.11
      '@rspack/binding-linux-x64-musl': 1.4.11
      '@rspack/binding-wasm32-wasi': 1.4.11
      '@rspack/binding-win32-arm64-msvc': 1.4.11
      '@rspack/binding-win32-ia32-msvc': 1.4.11
      '@rspack/binding-win32-x64-msvc': 1.4.11

  '@rspack/core@1.4.11(@swc/helpers@0.5.17)':
    dependencies:
      '@module-federation/runtime-tools': 0.17.1
      '@rspack/binding': 1.4.11
      '@rspack/lite-tapable': 1.0.1
    optionalDependencies:
      '@swc/helpers': 0.5.17

  '@rspack/lite-tapable@1.0.1': {}

  '@rspack/plugin-preact-refresh@1.1.2(@prefresh/core@1.5.5(preact@10.27.0))(@prefresh/utils@1.2.1)':
    dependencies:
      '@prefresh/core': 1.5.5(preact@10.27.0)
      '@prefresh/utils': 1.2.1

  '@swc/counter@0.1.3': {}

  '@swc/helpers@0.5.17':
    dependencies:
      tslib: 2.8.1

  '@swc/plugin-prefresh@9.0.2':
    dependencies:
      '@swc/counter': 0.1.3

  '@tybys/wasm-util@0.10.0':
    dependencies:
      tslib: 2.8.1
    optional: true

  core-js@3.45.0: {}

  jiti@2.5.1: {}

  preact@10.27.0: {}

  tslib@2.8.1: {}

  typescript@5.9.2: {}
